// !$*UTF8*$!
{
	archiveVersion = 1;
	classes = {
	};
	objectVersion = 50;
	objects = {

/* Begin PBXBuildFile section */
		C305AEC525F27D35003CA366 /* AppDelegate.swift in Sources */ = {isa = PBXBuildFile; fileRef = C305AEC425F27D35003CA366 /* AppDelegate.swift */; };
		C305AEC725F27D35003CA366 /* SceneDelegate.swift in Sources */ = {isa = PBXBuildFile; fileRef = C305AEC625F27D35003CA366 /* SceneDelegate.swift */; };
		C305AEC925F27D35003CA366 /* ViewController.swift in Sources */ = {isa = PBXBuildFile; fileRef = C305AEC825F27D35003CA366 /* ViewController.swift */; };
		C305AECC25F27D35003CA366 /* Main.storyboard in Resources */ = {isa = PBXBuildFile; fileRef = C305AECA25F27D35003CA366 /* Main.storyboard */; };
		C305AECE25F27D35003CA366 /* Assets.xcassets in Resources */ = {isa = PBXBuildFile; fileRef = C305AECD25F27D35003CA366 /* Assets.xcassets */; };
		C305AED125F27D35003CA366 /* LaunchScreen.storyboard in Resources */ = {isa = PBXBuildFile; fileRef = C305AECF25F27D35003CA366 /* LaunchScreen.storyboard */; };
		C3476DFB2615D1A0007BDBD8 /* LayoutCell.swift in Sources */ = {isa = PBXBuildFile; fileRef = C3476DFA2615D1A0007BDBD8 /* LayoutCell.swift */; };
		C3476E0026175180007BDBD8 /* Delm-Medium.otf in Resources */ = {isa = PBXBuildFile; fileRef = C3476DFF26175180007BDBD8 /* Delm-Medium.otf */; };
/* End PBXBuildFile section */

/* Begin PBXFileReference section */
		C305AEC125F27D35003CA366 /* Project_4_Instagrid.app */ = {isa = PBXFileReference; explicitFileType = wrapper.application; includeInIndex = 0; path = Project_4_Instagrid.app; sourceTree = BUILT_PRODUCTS_DIR; };
		C305AEC425F27D35003CA366 /* AppDelegate.swift */ = {isa = PBXFileReference; lastKnownFileType = sourcecode.swift; path = AppDelegate.swift; sourceTree = "<group>"; };
		C305AEC625F27D35003CA366 /* SceneDelegate.swift */ = {isa = PBXFileReference; lastKnownFileType = sourcecode.swift; path = SceneDelegate.swift; sourceTree = "<group>"; };
		C305AEC825F27D35003CA366 /* ViewController.swift */ = {isa = PBXFileReference; lastKnownFileType = sourcecode.swift; path = ViewController.swift; sourceTree = "<group>"; };
		C305AECB25F27D35003CA366 /* Base */ = {isa = PBXFileReference; lastKnownFileType = file.storyboard; name = Base; path = Base.lproj/Main.storyboard; sourceTree = "<group>"; };
		C305AECD25F27D35003CA366 /* Assets.xcassets */ = {isa = PBXFileReference; lastKnownFileType = folder.assetcatalog; path = Assets.xcassets; sourceTree = "<group>"; };
		C305AED025F27D35003CA366 /* Base */ = {isa = PBXFileReference; lastKnownFileType = file.storyboard; name = Base; path = Base.lproj/LaunchScreen.storyboard; sourceTree = "<group>"; };
		C305AED225F27D35003CA366 /* Info.plist */ = {isa = PBXFileReference; lastKnownFileType = text.plist.xml; path = Info.plist; sourceTree = "<group>"; };
		C305AEE925FA16AF003CA366 /* ThirstySoftRegular.otf */ = {isa = PBXFileReference; lastKnownFileType = file; path = ThirstySoftRegular.otf; sourceTree = "<group>"; };
		C3476DFA2615D1A0007BDBD8 /* LayoutCell.swift */ = {isa = PBXFileReference; lastKnownFileType = sourcecode.swift; path = LayoutCell.swift; sourceTree = "<group>"; };
		C3476DFF26175180007BDBD8 /* Delm-Medium.otf */ = {isa = PBXFileReference; lastKnownFileType = file; name = "Delm-Medium.otf"; path = "../../../../Downloads/Delm-Medium.otf"; sourceTree = "<group>"; };
/* End PBXFileReference section */

/* Begin PBXFrameworksBuildPhase section */
		C305AEBE25F27D35003CA366 /* Frameworks */ = {
			isa = PBXFrameworksBuildPhase;
			buildActionMask = 2147483647;
			files = (
			);
			runOnlyForDeploymentPostprocessing = 0;
		};
/* End PBXFrameworksBuildPhase section */

/* Begin PBXGroup section */
		C305AEB825F27D34003CA366 = {
			isa = PBXGroup;
			children = (
				C305AEC325F27D35003CA366 /* Project_4_Instagrid */,
				C305AEC225F27D35003CA366 /* Products */,
			);
			sourceTree = "<group>";
		};
		C305AEC225F27D35003CA366 /* Products */ = {
			isa = PBXGroup;
			children = (
				C305AEC125F27D35003CA366 /* Project_4_Instagrid.app */,
			);
			name = Products;
			sourceTree = "<group>";
		};
		C305AEC325F27D35003CA366 /* Project_4_Instagrid */ = {
			isa = PBXGroup;
			children = (
				C305AEEE25FA178C003CA366 /* Controller */,
				C305AEE025F7B50F003CA366 /* View */,
				C305AEE725FA1692003CA366 /* Supporting Files */,
			);
			path = Project_4_Instagrid;
			sourceTree = "<group>";
		};
		C305AEE025F7B50F003CA366 /* View */ = {
			isa = PBXGroup;
			children = (
				C305AECA25F27D35003CA366 /* Main.storyboard */,
			);
			path = View;
			sourceTree = "<group>";
		};
		C305AEE725FA1692003CA366 /* Supporting Files */ = {
			isa = PBXGroup;
			children = (
				C3476DFF26175180007BDBD8 /* Delm-Medium.otf */,
				C305AEC425F27D35003CA366 /* AppDelegate.swift */,
				C305AEC625F27D35003CA366 /* SceneDelegate.swift */,
				C305AEE925FA16AF003CA366 /* ThirstySoftRegular.otf */,
				C305AED225F27D35003CA366 /* Info.plist */,
				C305AECD25F27D35003CA366 /* Assets.xcassets */,
				C305AECF25F27D35003CA366 /* LaunchScreen.storyboard */,
			);
			path = "Supporting Files";
			sourceTree = "<group>";
		};
		C305AEEE25FA178C003CA366 /* Controller */ = {
			isa = PBXGroup;
			children = (
				C305AEC825F27D35003CA366 /* ViewController.swift */,
				C3476DFA2615D1A0007BDBD8 /* LayoutCell.swift */,
			);
			path = Controller;
			sourceTree = "<group>";
		};
/* End PBXGroup section */

/* Begin PBXNativeTarget section */
		C305AEC025F27D35003CA366 /* Project_4_Instagrid */ = {
			isa = PBXNativeTarget;
			buildConfigurationList = C305AED525F27D35003CA366 /* Build configuration list for PBXNativeTarget "Project_4_Instagrid" */;
			buildPhases = (
				C305AEBD25F27D35003CA366 /* Sources */,
				C305AEBE25F27D35003CA366 /* Frameworks */,
				C305AEBF25F27D35003CA366 /* Resources */,
			);
			buildRules = (
			);
			dependencies = (
			);
			name = Project_4_Instagrid;
			productName = Project_4_Instagrid;
			productReference = C305AEC125F27D35003CA366 /* Project_4_Instagrid.app */;
			productType = "com.apple.product-type.application";
		};
/* End PBXNativeTarget section */

/* Begin PBXProject section */
		C305AEB925F27D34003CA366 /* Project object */ = {
			isa = PBXProject;
			attributes = {
				LastSwiftUpdateCheck = 1240;
				LastUpgradeCheck = 1240;
				TargetAttributes = {
					C305AEC025F27D35003CA366 = {
						CreatedOnToolsVersion = 12.4;
					};
				};
			};
			buildConfigurationList = C305AEBC25F27D34003CA366 /* Build configuration list for PBXProject "Project_4_Instagrid" */;
			compatibilityVersion = "Xcode 9.3";
			developmentRegion = en;
			hasScannedForEncodings = 0;
			knownRegions = (
				en,
				Base,
			);
			mainGroup = C305AEB825F27D34003CA366;
			productRefGroup = C305AEC225F27D35003CA366 /* Products */;
			projectDirPath = "";
			projectRoot = "";
			targets = (
				C305AEC025F27D35003CA366 /* Project_4_Instagrid */,
			);
		};
/* End PBXProject section */

/* Begin PBXResourcesBuildPhase section */
		C305AEBF25F27D35003CA366 /* Resources */ = {
			isa = PBXResourcesBuildPhase;
			buildActionMask = 2147483647;
			files = (
				C305AED125F27D35003CA366 /* LaunchScreen.storyboard in Resources */,
				C305AECE25F27D35003CA366 /* Assets.xcassets in Resources */,
				C3476E0026175180007BDBD8 /* Delm-Medium.otf in Resources */,
				C305AECC25F27D35003CA366 /* Main.storyboard in Resources */,
			);
			runOnlyForDeploymentPostprocessing = 0;
		};
/* End PBXResourcesBuildPhase section */

/* Begin PBXSourcesBuildPhase section */
		C305AEBD25F27D35003CA366 /* Sources */ = {
			isa = PBXSourcesBuildPhase;
			buildActionMask = 2147483647;
			files = (
				C3476DFB2615D1A0007BDBD8 /* LayoutCell.swift in Sources */,
				C305AEC925F27D35003CA366 /* ViewController.swift in Sources */,
				C305AEC525F27D35003CA366 /* AppDelegate.swift in Sources */,
				C305AEC725F27D35003CA366 /* SceneDelegate.swift in Sources */,
			);
			runOnlyForDeploymentPostprocessing = 0;
		};
/* End PBXSourcesBuildPhase section */

/* Begin PBXVariantGroup section */
		C305AECA25F27D35003CA366 /* Main.storyboard */ = {
			isa = PBXVariantGroup;
			children = (
				C305AECB25F27D35003CA366 /* Base */,
			);
			name = Main.storyboard;
			sourceTree = "<group>";
		};
		C305AECF25F27D35003CA366 /* LaunchScreen.storyboard */ = {
			isa = PBXVariantGroup;
			children = (
				C305AED025F27D35003CA366 /* Base */,
			);
			name = LaunchScreen.storyboard;
			sourceTree = "<group>";
		};
/* End PBXVariantGroup section */

/* Begin XCBuildConfiguration section */
		C305AED325F27D35003CA366 /* Debug */ = {
			isa = XCBuildConfiguration;
			buildSettings = {
				ALWAYS_SEARCH_USER_PATHS = NO;
				CLANG_ANALYZER_NONNULL = YES;
				CLANG_ANALYZER_NUMBER_OBJECT_CONVERSION = YES_AGGRESSIVE;
				CLANG_CXX_LANGUAGE_STANDARD = "gnu++14";
				CLANG_CXX_LIBRARY = "libc++";
				CLANG_ENABLE_MODULES = YES;
				CLANG_ENABLE_OBJC_ARC = YES;
				CLANG_ENABLE_OBJC_WEAK = YES;
				CLANG_WARN_BLOCK_CAPTURE_AUTORELEASING = YES;
				CLANG_WARN_BOOL_CONVERSION = YES;
				CLANG_WARN_COMMA = YES;
				CLANG_WARN_CONSTANT_CONVERSION = YES;
				CLANG_WARN_DEPRECATED_OBJC_IMPLEMENTATIONS = YES;
				CLANG_WARN_DIRECT_OBJC_ISA_USAGE = YES_ERROR;
				CLANG_WARN_DOCUMENTATION_COMMENTS = YES;
				CLANG_WARN_EMPTY_BODY = YES;
				CLANG_WARN_ENUM_CONVERSION = YES;
				CLANG_WARN_INFINITE_RECURSION = YES;
				CLANG_WARN_INT_CONVERSION = YES;
				CLANG_WARN_NON_LITERAL_NULL_CONVERSION = YES;
				CLANG_WARN_OBJC_IMPLICIT_RETAIN_SELF = YES;
				CLANG_WARN_OBJC_LITERAL_CONVERSION = YES;
				CLANG_WARN_OBJC_ROOT_CLASS = YES_ERROR;
				CLANG_WARN_QUOTED_INCLUDE_IN_FRAMEWORK_HEADER = YES;
				CLANG_WARN_RANGE_LOOP_ANALYSIS = YES;
				CLANG_WARN_STRICT_PROTOTYPES = YES;
				CLANG_WARN_SUSPICIOUS_MOVE = YES;
				CLANG_WARN_UNGUARDED_AVAILABILITY = YES_AGGRESSIVE;
				CLANG_WARN_UNREACHABLE_CODE = YES;
				CLANG_WARN__DUPLICATE_METHOD_MATCH = YES;
				COPY_PHASE_STRIP = NO;
				DEBUG_INFORMATION_FORMAT = dwarf;
				ENABLE_STRICT_OBJC_MSGSEND = YES;
				ENABLE_TESTABILITY = YES;
				GCC_C_LANGUAGE_STANDARD = gnu11;
				GCC_DYNAMIC_NO_PIC = NO;
				GCC_NO_COMMON_BLOCKS = YES;
				GCC_OPTIMIZATION_LEVEL = 0;
				GCC_PREPROCESSOR_DEFINITIONS = (
					"DEBUG=1",
					"$(inherited)",
				);
				GCC_WARN_64_TO_32_BIT_CONVERSION = YES;
				GCC_WARN_ABOUT_RETURN_TYPE = YES_ERROR;
				GCC_WARN_UNDECLARED_SELECTOR = YES;
				GCC_WARN_UNINITIALIZED_AUTOS = YES_AGGRESSIVE;
				GCC_WARN_UNUSED_FUNCTION = YES;
				GCC_WARN_UNUSED_VARIABLE = YES;
				IPHONEOS_DEPLOYMENT_TARGET = 14.4;
				MTL_ENABLE_DEBUG_INFO = INCLUDE_SOURCE;
				MTL_FAST_MATH = YES;
				ONLY_ACTIVE_ARCH = YES;
				SDKROOT = iphoneos;
				SWIFT_ACTIVE_COMPILATION_CONDITIONS = DEBUG;
				SWIFT_OPTIMIZATION_LEVEL = "-Onone";
			};
			name = Debug;
		};
		C305AED425F27D35003CA366 /* Release */ = {
			isa = XCBuildConfiguration;
			buildSettings = {
				ALWAYS_SEARCH_USER_PATHS = NO;
				CLANG_ANALYZER_NONNULL = YES;
				CLANG_ANALYZER_NUMBER_OBJECT_CONVERSION = YES_AGGRESSIVE;
				CLANG_CXX_LANGUAGE_STANDARD = "gnu++14";
				CLANG_CXX_LIBRARY = "libc++";
				CLANG_ENABLE_MODULES = YES;
				CLANG_ENABLE_OBJC_ARC = YES;
				CLANG_ENABLE_OBJC_WEAK = YES;
				CLANG_WARN_BLOCK_CAPTURE_AUTORELEASING = YES;
				CLANG_WARN_BOOL_CONVERSION = YES;
				CLANG_WARN_COMMA = YES;
				CLANG_WARN_CONSTANT_CONVERSION = YES;
				CLANG_WARN_DEPRECATED_OBJC_IMPLEMENTATIONS = YES;
				CLANG_WARN_DIRECT_OBJC_ISA_USAGE = YES_ERROR;
				CLANG_WARN_DOCUMENTATION_COMMENTS = YES;
				CLANG_WARN_EMPTY_BODY = YES;
				CLANG_WARN_ENUM_CONVERSION = YES;
				CLANG_WARN_INFINITE_RECURSION = YES;
				CLANG_WARN_INT_CONVERSION = YES;
				CLANG_WARN_NON_LITERAL_NULL_CONVERSION = YES;
				CLANG_WARN_OBJC_IMPLICIT_RETAIN_SELF = YES;
				CLANG_WARN_OBJC_LITERAL_CONVERSION = YES;
				CLANG_WARN_OBJC_ROOT_CLASS = YES_ERROR;
				CLANG_WARN_QUOTED_INCLUDE_IN_FRAMEWORK_HEADER = YES;
				CLANG_WARN_RANGE_LOOP_ANALYSIS = YES;
				CLANG_WARN_STRICT_PROTOTYPES = YES;
				CLANG_WARN_SUSPICIOUS_MOVE = YES;
				CLANG_WARN_UNGUARDED_AVAILABILITY = YES_AGGRESSIVE;
				CLANG_WARN_UNREACHABLE_CODE = YES;
				CLANG_WARN__DUPLICATE_METHOD_MATCH = YES;
				COPY_PHASE_STRIP = NO;
				DEBUG_INFORMATION_FORMAT = "dwarf-with-dsym";
				ENABLE_NS_ASSERTIONS = NO;
				ENABLE_STRICT_OBJC_MSGSEND = YES;
				GCC_C_LANGUAGE_STANDARD = gnu11;
				GCC_NO_COMMON_BLOCKS = YES;
				GCC_WARN_64_TO_32_BIT_CONVERSION = YES;
				GCC_WARN_ABOUT_RETURN_TYPE = YES_ERROR;
				GCC_WARN_UNDECLARED_SELECTOR = YES;
				GCC_WARN_UNINITIALIZED_AUTOS = YES_AGGRESSIVE;
				GCC_WARN_UNUSED_FUNCTION = YES;
				GCC_WARN_UNUSED_VARIABLE = YES;
				IPHONEOS_DEPLOYMENT_TARGET = 14.4;
				MTL_ENABLE_DEBUG_INFO = NO;
				MTL_FAST_MATH = YES;
				SDKROOT = iphoneos;
				SWIFT_COMPILATION_MODE = wholemodule;
				SWIFT_OPTIMIZATION_LEVEL = "-O";
				VALIDATE_PRODUCT = YES;
			};
			name = Release;
		};
		C305AED625F27D35003CA366 /* Debug */ = {
			isa = XCBuildConfiguration;
			buildSettings = {
				ASSETCATALOG_COMPILER_APPICON_NAME = AppIcon;
				ASSETCATALOG_COMPILER_GLOBAL_ACCENT_COLOR_NAME = AccentColor;
				CODE_SIGN_STYLE = Automatic;
				INFOPLIST_FILE = "$(SRCROOT)/Project_4_Instagrid/Supporting Files/Info.plist";
				IPHONEOS_DEPLOYMENT_TARGET = 11.0;
				LD_RUNPATH_SEARCH_PATHS = (
					"$(inherited)",
					"@executable_path/Frameworks",
				);
				PRODUCT_BUNDLE_IDENTIFIER = "MaximeRoux.Project-4-Instagrid";
				PRODUCT_NAME = "$(TARGET_NAME)";
				SWIFT_VERSION = 5.0;
				TARGETED_DEVICE_FAMILY = 1;
			};
			name = Debug;
		};
		C305AED725F27D35003CA366 /* Release */ = {
			isa = XCBuildConfiguration;
			buildSettings = {
				ASSETCATALOG_COMPILER_APPICON_NAME = AppIcon;
				ASSETCATALOG_COMPILER_GLOBAL_ACCENT_COLOR_NAME = AccentColor;
				CODE_SIGN_STYLE = Automatic;
				INFOPLIST_FILE = "$(SRCROOT)/Project_4_Instagrid/Supporting Files/Info.plist";
				IPHONEOS_DEPLOYMENT_TARGET = 11.0;
				LD_RUNPATH_SEARCH_PATHS = (
					"$(inherited)",
					"@executable_path/Frameworks",
				);
				PRODUCT_BUNDLE_IDENTIFIER = "MaximeRoux.Project-4-Instagrid";
				PRODUCT_NAME = "$(TARGET_NAME)";
				SWIFT_VERSION = 5.0;
				TARGETED_DEVICE_FAMILY = 1;
			};
			name = Release;
		};
/* End XCBuildConfiguration section */

/* Begin XCConfigurationList section */
		C305AEBC25F27D34003CA366 /* Build configuration list for PBXProject "Project_4_Instagrid" */ = {
			isa = XCConfigurationList;
			buildConfigurations = (
				C305AED325F27D35003CA366 /* Debug */,
				C305AED425F27D35003CA366 /* Release */,
			);
			defaultConfigurationIsVisible = 0;
			defaultConfigurationName = Release;
		};
		C305AED525F27D35003CA366 /* Build configuration list for PBXNativeTarget "Project_4_Instagrid" */ = {
			isa = XCConfigurationList;
			buildConfigurations = (
				C305AED625F27D35003CA366 /* Debug */,
				C305AED725F27D35003CA366 /* Release */,
			);
			defaultConfigurationIsVisible = 0;
			defaultConfigurationName = Release;
		};
/* End XCConfigurationList section */
	};
	rootObject = C305AEB925F27D34003CA366 /* Project object */;
}
